
Microsoft Visual Studio Solution File, Format Version 12.00
# Visual Studio Version 16
VisualStudioVersion = 16.0.31129.286
MinimumVisualStudioVersion = 10.0.40219.1
Project("{FAE04EC0-301F-11D3-BF4B-00C04F79EFBC}") = "WebApplication", "WebApplication\WebApplication.csproj", "{777FF12C-1E27-4C00-B685-0979C7EFC9AB}"
EndProject
Global
	GlobalSection(SolutionConfigurationPlatforms) = preSolution
		Debug|Any CPU = Debug|Any CPU
		Release|Any CPU = Release|Any CPU
	EndGlobalSection
	GlobalSection(ProjectConfigurationPlatforms) = postSolution
		{777FF12C-1E27-4C00-B685-0979C7EFC9AB}.Debug|Any CPU.ActiveCfg = Debug|Any CPU
		{777FF12C-1E27-4C00-B685-0979C7EFC9AB}.Debug|Any CPU.Build.0 = Debug|Any CPU
		{777FF12C-1E27-4C00-B685-0979C7EFC9AB}.Release|Any CPU.ActiveCfg = Release|Any CPU
		{777FF12C-1E27-4C00-B685-0979C7EFC9AB}.Release|Any CPU.Build.0 = Release|Any CPU
	EndGlobalSection
	GlobalSection(SolutionProperties) = preSolution
		HideSolutionNode = FALSE
	EndGlobalSection
	GlobalSection(ExtensibilityGlobals) = postSolution
		SolutionGuid = {66E5A35F-5998-4879-ABC0-E126AE6EC751}
	EndGlobalSection
EndGlobal
